// !$*UTF8*$!
{
	archiveVersion = 1;
	classes = {
	};
	objectVersion = 51;
	objects = {

/* Begin PBXBuildFile section */
		0DBF3E62B56683B6BADBE652 /* Pods_Decade_of_MoviesTests.framework in Frameworks */ = {isa = PBXBuildFile; fileRef = E7FF6CBC3183A1C2F7B21368 /* Pods_Decade_of_MoviesTests.framework */; };
		25C26E5E280D161A5A1D8E89 /* Pods_Decade_of_Movies_Decade_of_MoviesUITests.framework in Frameworks */ = {isa = PBXBuildFile; fileRef = F4DC666E639FA777323FE27D /* Pods_Decade_of_Movies_Decade_of_MoviesUITests.framework */; };
		3E194817850F64570D36A4D6 /* Pods_Decade_of_Movies.framework in Frameworks */ = {isa = PBXBuildFile; fileRef = 80656E3AB337B415FC03AFBE /* Pods_Decade_of_Movies.framework */; };
		70148AE824C2218800344E91 /* movies.json in Resources */ = {isa = PBXBuildFile; fileRef = 70148AE724C2218700344E91 /* movies.json */; };
		70148AEB24C254B500344E91 /* Result.swift in Sources */ = {isa = PBXBuildFile; fileRef = 70148AEA24C254B500344E91 /* Result.swift */; };
		70148AED24C254EF00344E91 /* NetworkFetcher.swift in Sources */ = {isa = PBXBuildFile; fileRef = 70148AEC24C254EF00344E91 /* NetworkFetcher.swift */; };
		70148AEF24C2575F00344E91 /* LocalJsonFetcher.swift in Sources */ = {isa = PBXBuildFile; fileRef = 70148AEE24C2575F00344E91 /* LocalJsonFetcher.swift */; };
		70148AF224C25B7A00344E91 /* MovieTableViewCell.swift in Sources */ = {isa = PBXBuildFile; fileRef = 70148AF024C25B7A00344E91 /* MovieTableViewCell.swift */; };
		70148AF324C25B7A00344E91 /* MovieTableViewCell.xib in Resources */ = {isa = PBXBuildFile; fileRef = 70148AF124C25B7A00344E91 /* MovieTableViewCell.xib */; };
		70148AF524C2747B00344E91 /* MoviesListRequest.swift in Sources */ = {isa = PBXBuildFile; fileRef = 70148AF424C2747B00344E91 /* MoviesListRequest.swift */; };
		70148AF724C2749C00344E91 /* Movies.swift in Sources */ = {isa = PBXBuildFile; fileRef = 70148AF624C2749C00344E91 /* Movies.swift */; };
		70148AF924C274A200344E91 /* Movie.swift in Sources */ = {isa = PBXBuildFile; fileRef = 70148AF824C274A200344E91 /* Movie.swift */; };
		70148AFB24C274D400344E91 /* MoviesListingViewController+TableViewExtension.swift in Sources */ = {isa = PBXBuildFile; fileRef = 70148AFA24C274D400344E91 /* MoviesListingViewController+TableViewExtension.swift */; };
		70148AFD24C27CF300344E91 /* MoviesListingRepository.swift in Sources */ = {isa = PBXBuildFile; fileRef = 70148AFC24C27CF300344E91 /* MoviesListingRepository.swift */; };
		70148AFF24C27D1400344E91 /* MoviesListingUseCase.swift in Sources */ = {isa = PBXBuildFile; fileRef = 70148AFE24C27D1400344E91 /* MoviesListingUseCase.swift */; };
		70148B0124C2828600344E91 /* MoviesListingPresenter.swift in Sources */ = {isa = PBXBuildFile; fileRef = 70148B0024C2828600344E91 /* MoviesListingPresenter.swift */; };
		70148B0324C28A9500344E91 /* MoviesListingViewController+MoviesListingViewExtension.swift in Sources */ = {isa = PBXBuildFile; fileRef = 70148B0224C28A9500344E91 /* MoviesListingViewController+MoviesListingViewExtension.swift */; };
		70148B0524C28FBC00344E91 /* FilteredMoviesListUseCase.swift in Sources */ = {isa = PBXBuildFile; fileRef = 70148B0424C28FBC00344E91 /* FilteredMoviesListUseCase.swift */; };
		70148B0724C2ABCF00344E91 /* MoviesListingViewController+UISearchBarDelegateExtension.swift in Sources */ = {isa = PBXBuildFile; fileRef = 70148B0624C2ABCF00344E91 /* MoviesListingViewController+UISearchBarDelegateExtension.swift */; };
		70148B0924C2B08E00344E91 /* UIView+Extention.swift in Sources */ = {isa = PBXBuildFile; fileRef = 70148B0824C2B08E00344E91 /* UIView+Extention.swift */; };
		70148B2424C376E800344E91 /* MovieDetails.storyboard in Resources */ = {isa = PBXBuildFile; fileRef = 70148B2324C376E800344E91 /* MovieDetails.storyboard */; };
		70148B2624C3770500344E91 /* MovieDetailsViewController.swift in Sources */ = {isa = PBXBuildFile; fileRef = 70148B2524C3770500344E91 /* MovieDetailsViewController.swift */; };
		70148B2824C37E3800344E91 /* MovieDetailsHeaderView.xib in Resources */ = {isa = PBXBuildFile; fileRef = 70148B2724C37E3800344E91 /* MovieDetailsHeaderView.xib */; };
		70148B2A24C383DB00344E91 /* MovieDetailsHeaderView.swift in Sources */ = {isa = PBXBuildFile; fileRef = 70148B2924C383DB00344E91 /* MovieDetailsHeaderView.swift */; };
		70148B2D24C3930C00344E91 /* PhotoCollectionViewCell.swift in Sources */ = {isa = PBXBuildFile; fileRef = 70148B2B24C3930C00344E91 /* PhotoCollectionViewCell.swift */; };
		70148B2E24C3930C00344E91 /* PhotoCollectionViewCell.xib in Resources */ = {isa = PBXBuildFile; fileRef = 70148B2C24C3930C00344E91 /* PhotoCollectionViewCell.xib */; };
		7049A6EA24C1351A00B134EC /* AppDelegate.swift in Sources */ = {isa = PBXBuildFile; fileRef = 7049A6E924C1351A00B134EC /* AppDelegate.swift */; };
		7049A6EC24C1351A00B134EC /* SceneDelegate.swift in Sources */ = {isa = PBXBuildFile; fileRef = 7049A6EB24C1351A00B134EC /* SceneDelegate.swift */; };
		7049A6EE24C1351A00B134EC /* MoviesListingViewController.swift in Sources */ = {isa = PBXBuildFile; fileRef = 7049A6ED24C1351A00B134EC /* MoviesListingViewController.swift */; };
		7049A6F124C1351A00B134EC /* Main.storyboard in Resources */ = {isa = PBXBuildFile; fileRef = 7049A6EF24C1351A00B134EC /* Main.storyboard */; };
		7049A6F324C1351C00B134EC /* Assets.xcassets in Resources */ = {isa = PBXBuildFile; fileRef = 7049A6F224C1351C00B134EC /* Assets.xcassets */; };
		7049A6F624C1351C00B134EC /* LaunchScreen.storyboard in Resources */ = {isa = PBXBuildFile; fileRef = 7049A6F424C1351C00B134EC /* LaunchScreen.storyboard */; };
		7049A70124C1351C00B134EC /* Decade_of_MoviesTests.swift in Sources */ = {isa = PBXBuildFile; fileRef = 7049A70024C1351C00B134EC /* Decade_of_MoviesTests.swift */; };
		7049A77924C1364800B134EC /* Fetcher.swift in Sources */ = {isa = PBXBuildFile; fileRef = 7049A74E24C1364800B134EC /* Fetcher.swift */; };
		7049A77A24C1364800B134EC /* Request.swift in Sources */ = {isa = PBXBuildFile; fileRef = 7049A75124C1364800B134EC /* Request.swift */; };
		7049A77B24C1364800B134EC /* AppError.swift in Sources */ = {isa = PBXBuildFile; fileRef = 7049A75324C1364800B134EC /* AppError.swift */; };
		706CF42524C5481900530EED /* MoviesListingPresenterTests.swift in Sources */ = {isa = PBXBuildFile; fileRef = 706CF42424C5481900530EED /* MoviesListingPresenterTests.swift */; };
		706CF42724C5482B00530EED /* MoviesListingViewMock.swift in Sources */ = {isa = PBXBuildFile; fileRef = 706CF42624C5482A00530EED /* MoviesListingViewMock.swift */; };
		706CF42924C5484000530EED /* MoviesListingUseCaseMock.swift in Sources */ = {isa = PBXBuildFile; fileRef = 706CF42824C5484000530EED /* MoviesListingUseCaseMock.swift */; };
		706CF42B24C5485400530EED /* FilteredMoviesListUseCaseMock.swift in Sources */ = {isa = PBXBuildFile; fileRef = 706CF42A24C5485400530EED /* FilteredMoviesListUseCaseMock.swift */; };
		70B99D5524C533A300C7844C /* MoviesListingRepositoryMock.swift in Sources */ = {isa = PBXBuildFile; fileRef = 70B99D5424C533A300C7844C /* MoviesListingRepositoryMock.swift */; };
		70B99D5724C534FC00C7844C /* MoviesListingUseCaseTests.swift in Sources */ = {isa = PBXBuildFile; fileRef = 70B99D5624C534FC00C7844C /* MoviesListingUseCaseTests.swift */; };
		70B99D5C24C539E600C7844C /* FilteredMoviesListUseCaseTests.swift in Sources */ = {isa = PBXBuildFile; fileRef = 70B99D5B24C539E600C7844C /* FilteredMoviesListUseCaseTests.swift */; };
		70E4E01224C3B00D009D0BFC /* PhotosResponse.swift in Sources */ = {isa = PBXBuildFile; fileRef = 70E4E01124C3B00D009D0BFC /* PhotosResponse.swift */; };
		70E4E01424C3B016009D0BFC /* Photos.swift in Sources */ = {isa = PBXBuildFile; fileRef = 70E4E01324C3B016009D0BFC /* Photos.swift */; };
		70E4E01624C3B023009D0BFC /* Photo.swift in Sources */ = {isa = PBXBuildFile; fileRef = 70E4E01524C3B023009D0BFC /* Photo.swift */; };
		70E4E01824C3B161009D0BFC /* MovieFlickrPhotosRequest.swift in Sources */ = {isa = PBXBuildFile; fileRef = 70E4E01724C3B161009D0BFC /* MovieFlickrPhotosRequest.swift */; };
		70E4E01A24C3B3C9009D0BFC /* MovieFlickrPhotosRepository.swift in Sources */ = {isa = PBXBuildFile; fileRef = 70E4E01924C3B3C9009D0BFC /* MovieFlickrPhotosRepository.swift */; };
		70E4E01C24C3B51A009D0BFC /* MovieFlickrPhotosUseCase.swift in Sources */ = {isa = PBXBuildFile; fileRef = 70E4E01B24C3B51A009D0BFC /* MovieFlickrPhotosUseCase.swift */; };
		70E4E01E24C3B536009D0BFC /* MovieMainPhotoUseCase.swift in Sources */ = {isa = PBXBuildFile; fileRef = 70E4E01D24C3B536009D0BFC /* MovieMainPhotoUseCase.swift */; };
		70E4E02024C3B7EC009D0BFC /* MovieDetailsPresenter.swift in Sources */ = {isa = PBXBuildFile; fileRef = 70E4E01F24C3B7EC009D0BFC /* MovieDetailsPresenter.swift */; };
		70E4E02224C3CEE2009D0BFC /* MovieDetailsViewController+MovieDetailsViewExtension.swift in Sources */ = {isa = PBXBuildFile; fileRef = 70E4E02124C3CEE2009D0BFC /* MovieDetailsViewController+MovieDetailsViewExtension.swift */; };
		70E4E02424C3CEFD009D0BFC /* MovieDetailsViewController+UICollectionViewExtension.swift in Sources */ = {isa = PBXBuildFile; fileRef = 70E4E02324C3CEFD009D0BFC /* MovieDetailsViewController+UICollectionViewExtension.swift */; };
		70E4E02E24C48BFE009D0BFC /* DataStoreFactory.swift in Sources */ = {isa = PBXBuildFile; fileRef = 70E4E02D24C48BFE009D0BFC /* DataStoreFactory.swift */; };
		70E4E03324C4EE04009D0BFC /* EmptyCollectionViewCell.swift in Sources */ = {isa = PBXBuildFile; fileRef = 70E4E02F24C4EE04009D0BFC /* EmptyCollectionViewCell.swift */; };
		70E4E03424C4EE04009D0BFC /* ErrorCollectionViewCell.swift in Sources */ = {isa = PBXBuildFile; fileRef = 70E4E03024C4EE04009D0BFC /* ErrorCollectionViewCell.swift */; };
		70E4E03524C4EE04009D0BFC /* EmptyCollectionViewCell.xib in Resources */ = {isa = PBXBuildFile; fileRef = 70E4E03124C4EE04009D0BFC /* EmptyCollectionViewCell.xib */; };
		70E4E03624C4EE04009D0BFC /* ErrorCollectionViewCell.xib in Resources */ = {isa = PBXBuildFile; fileRef = 70E4E03224C4EE04009D0BFC /* ErrorCollectionViewCell.xib */; };
		70E4E03D24C51BF1009D0BFC /* MovieDetailsModelsMocks.swift in Sources */ = {isa = PBXBuildFile; fileRef = 70E4E03C24C51BF1009D0BFC /* MovieDetailsModelsMocks.swift */; };
		70E4E03F24C51C31009D0BFC /* MoviesListingModelsMocks.swift in Sources */ = {isa = PBXBuildFile; fileRef = 70E4E03E24C51C31009D0BFC /* MoviesListingModelsMocks.swift */; };
		70E4E04224C51E8E009D0BFC /* MoviesListingRepositoryTests.swift in Sources */ = {isa = PBXBuildFile; fileRef = 70E4E04124C51E8E009D0BFC /* MoviesListingRepositoryTests.swift */; };
		70E4E04324C521FB009D0BFC /* Decade_of_MoviesUITests.swift in Sources */ = {isa = PBXBuildFile; fileRef = 7049A70B24C1351C00B134EC /* Decade_of_MoviesUITests.swift */; };
		70E4E04524C52218009D0BFC /* MoviesListingFetcherMock.swift in Sources */ = {isa = PBXBuildFile; fileRef = 70E4E04424C52218009D0BFC /* MoviesListingFetcherMock.swift */; };
/* End PBXBuildFile section */

/* Begin PBXContainerItemProxy section */
		7049A6FD24C1351C00B134EC /* PBXContainerItemProxy */ = {
			isa = PBXContainerItemProxy;
			containerPortal = 7049A6DE24C1351A00B134EC /* Project object */;
			proxyType = 1;
			remoteGlobalIDString = 7049A6E524C1351A00B134EC;
			remoteInfo = "Decade of Movies";
		};
		7049A70824C1351C00B134EC /* PBXContainerItemProxy */ = {
			isa = PBXContainerItemProxy;
			containerPortal = 7049A6DE24C1351A00B134EC /* Project object */;
			proxyType = 1;
			remoteGlobalIDString = 7049A6E524C1351A00B134EC;
			remoteInfo = "Decade of Movies";
		};
/* End PBXContainerItemProxy section */

/* Begin PBXFileReference section */
		13E49CD19EC7F2BE314B1397 /* Pods-Decade of Movies-Decade of MoviesUITests.release.xcconfig */ = {isa = PBXFileReference; includeInIndex = 1; lastKnownFileType = text.xcconfig; name = "Pods-Decade of Movies-Decade of MoviesUITests.release.xcconfig"; path = "Target Support Files/Pods-Decade of Movies-Decade of MoviesUITests/Pods-Decade of Movies-Decade of MoviesUITests.release.xcconfig"; sourceTree = "<group>"; };
		356293628CAE19FE20DECF84 /* Pods-Decade of Movies.debug.xcconfig */ = {isa = PBXFileReference; includeInIndex = 1; lastKnownFileType = text.xcconfig; name = "Pods-Decade of Movies.debug.xcconfig"; path = "Target Support Files/Pods-Decade of Movies/Pods-Decade of Movies.debug.xcconfig"; sourceTree = "<group>"; };
		3F7DB461E38934AC83E9AEF4 /* Pods-Decade of MoviesTests.release.xcconfig */ = {isa = PBXFileReference; includeInIndex = 1; lastKnownFileType = text.xcconfig; name = "Pods-Decade of MoviesTests.release.xcconfig"; path = "Target Support Files/Pods-Decade of MoviesTests/Pods-Decade of MoviesTests.release.xcconfig"; sourceTree = "<group>"; };
		538150150B531836AAACE5DF /* Pods-Decade of Movies-Decade of MoviesUITests.debug.xcconfig */ = {isa = PBXFileReference; includeInIndex = 1; lastKnownFileType = text.xcconfig; name = "Pods-Decade of Movies-Decade of MoviesUITests.debug.xcconfig"; path = "Target Support Files/Pods-Decade of Movies-Decade of MoviesUITests/Pods-Decade of Movies-Decade of MoviesUITests.debug.xcconfig"; sourceTree = "<group>"; };
		54BDC05C3BFED5EF13F251D9 /* Pods-Decade_of_MoviesTests.debug.xcconfig */ = {isa = PBXFileReference; includeInIndex = 1; lastKnownFileType = text.xcconfig; name = "Pods-Decade_of_MoviesTests.debug.xcconfig"; path = "Target Support Files/Pods-Decade_of_MoviesTests/Pods-Decade_of_MoviesTests.debug.xcconfig"; sourceTree = "<group>"; };
		70148AE724C2218700344E91 /* movies.json */ = {isa = PBXFileReference; fileEncoding = 4; lastKnownFileType = text.json; path = movies.json; sourceTree = "<group>"; };
		70148AEA24C254B500344E91 /* Result.swift */ = {isa = PBXFileReference; lastKnownFileType = sourcecode.swift; path = Result.swift; sourceTree = "<group>"; };
		70148AEC24C254EF00344E91 /* NetworkFetcher.swift */ = {isa = PBXFileReference; lastKnownFileType = sourcecode.swift; path = NetworkFetcher.swift; sourceTree = "<group>"; };
		70148AEE24C2575F00344E91 /* LocalJsonFetcher.swift */ = {isa = PBXFileReference; lastKnownFileType = sourcecode.swift; path = LocalJsonFetcher.swift; sourceTree = "<group>"; };
		70148AF024C25B7A00344E91 /* MovieTableViewCell.swift */ = {isa = PBXFileReference; fileEncoding = 4; lastKnownFileType = sourcecode.swift; path = MovieTableViewCell.swift; sourceTree = "<group>"; };
		70148AF124C25B7A00344E91 /* MovieTableViewCell.xib */ = {isa = PBXFileReference; fileEncoding = 4; lastKnownFileType = file.xib; path = MovieTableViewCell.xib; sourceTree = "<group>"; };
		70148AF424C2747B00344E91 /* MoviesListRequest.swift */ = {isa = PBXFileReference; lastKnownFileType = sourcecode.swift; path = MoviesListRequest.swift; sourceTree = "<group>"; };
		70148AF624C2749C00344E91 /* Movies.swift */ = {isa = PBXFileReference; lastKnownFileType = sourcecode.swift; path = Movies.swift; sourceTree = "<group>"; };
		70148AF824C274A200344E91 /* Movie.swift */ = {isa = PBXFileReference; lastKnownFileType = sourcecode.swift; path = Movie.swift; sourceTree = "<group>"; };
		70148AFA24C274D400344E91 /* MoviesListingViewController+TableViewExtension.swift */ = {isa = PBXFileReference; fileEncoding = 4; lastKnownFileType = sourcecode.swift; path = "MoviesListingViewController+TableViewExtension.swift"; sourceTree = "<group>"; };
		70148AFC24C27CF300344E91 /* MoviesListingRepository.swift */ = {isa = PBXFileReference; lastKnownFileType = sourcecode.swift; path = MoviesListingRepository.swift; sourceTree = "<group>"; };
		70148AFE24C27D1400344E91 /* MoviesListingUseCase.swift */ = {isa = PBXFileReference; lastKnownFileType = sourcecode.swift; path = MoviesListingUseCase.swift; sourceTree = "<group>"; };
		70148B0024C2828600344E91 /* MoviesListingPresenter.swift */ = {isa = PBXFileReference; lastKnownFileType = sourcecode.swift; path = MoviesListingPresenter.swift; sourceTree = "<group>"; };
		70148B0224C28A9500344E91 /* MoviesListingViewController+MoviesListingViewExtension.swift */ = {isa = PBXFileReference; lastKnownFileType = sourcecode.swift; path = "MoviesListingViewController+MoviesListingViewExtension.swift"; sourceTree = "<group>"; };
		70148B0424C28FBC00344E91 /* FilteredMoviesListUseCase.swift */ = {isa = PBXFileReference; lastKnownFileType = sourcecode.swift; path = FilteredMoviesListUseCase.swift; sourceTree = "<group>"; };
		70148B0624C2ABCF00344E91 /* MoviesListingViewController+UISearchBarDelegateExtension.swift */ = {isa = PBXFileReference; lastKnownFileType = sourcecode.swift; path = "MoviesListingViewController+UISearchBarDelegateExtension.swift"; sourceTree = "<group>"; };
		70148B0824C2B08E00344E91 /* UIView+Extention.swift */ = {isa = PBXFileReference; lastKnownFileType = sourcecode.swift; path = "UIView+Extention.swift"; sourceTree = "<group>"; };
		70148B2324C376E800344E91 /* MovieDetails.storyboard */ = {isa = PBXFileReference; lastKnownFileType = file.storyboard; path = MovieDetails.storyboard; sourceTree = "<group>"; };
		70148B2524C3770500344E91 /* MovieDetailsViewController.swift */ = {isa = PBXFileReference; lastKnownFileType = sourcecode.swift; path = MovieDetailsViewController.swift; sourceTree = "<group>"; };
		70148B2724C37E3800344E91 /* MovieDetailsHeaderView.xib */ = {isa = PBXFileReference; lastKnownFileType = file.xib; path = MovieDetailsHeaderView.xib; sourceTree = "<group>"; };
		70148B2924C383DB00344E91 /* MovieDetailsHeaderView.swift */ = {isa = PBXFileReference; lastKnownFileType = sourcecode.swift; path = MovieDetailsHeaderView.swift; sourceTree = "<group>"; };
		70148B2B24C3930C00344E91 /* PhotoCollectionViewCell.swift */ = {isa = PBXFileReference; fileEncoding = 4; lastKnownFileType = sourcecode.swift; path = PhotoCollectionViewCell.swift; sourceTree = "<group>"; };
		70148B2C24C3930C00344E91 /* PhotoCollectionViewCell.xib */ = {isa = PBXFileReference; fileEncoding = 4; lastKnownFileType = file.xib; path = PhotoCollectionViewCell.xib; sourceTree = "<group>"; };
		7049A6E624C1351A00B134EC /* Decade of Movies.app */ = {isa = PBXFileReference; explicitFileType = wrapper.application; includeInIndex = 0; path = "Decade of Movies.app"; sourceTree = BUILT_PRODUCTS_DIR; };
		7049A6E924C1351A00B134EC /* AppDelegate.swift */ = {isa = PBXFileReference; lastKnownFileType = sourcecode.swift; path = AppDelegate.swift; sourceTree = "<group>"; };
		7049A6EB24C1351A00B134EC /* SceneDelegate.swift */ = {isa = PBXFileReference; lastKnownFileType = sourcecode.swift; path = SceneDelegate.swift; sourceTree = "<group>"; };
		7049A6ED24C1351A00B134EC /* MoviesListingViewController.swift */ = {isa = PBXFileReference; lastKnownFileType = sourcecode.swift; path = MoviesListingViewController.swift; sourceTree = "<group>"; };
		7049A6F024C1351A00B134EC /* Base */ = {isa = PBXFileReference; lastKnownFileType = file.storyboard; name = Base; path = Base.lproj/Main.storyboard; sourceTree = "<group>"; };
		7049A6F224C1351C00B134EC /* Assets.xcassets */ = {isa = PBXFileReference; lastKnownFileType = folder.assetcatalog; path = Assets.xcassets; sourceTree = "<group>"; };
		7049A6F524C1351C00B134EC /* Base */ = {isa = PBXFileReference; lastKnownFileType = file.storyboard; name = Base; path = Base.lproj/LaunchScreen.storyboard; sourceTree = "<group>"; };
		7049A6F724C1351C00B134EC /* Info.plist */ = {isa = PBXFileReference; lastKnownFileType = text.plist.xml; path = Info.plist; sourceTree = "<group>"; };
		7049A6FC24C1351C00B134EC /* Decade of MoviesTests.xctest */ = {isa = PBXFileReference; explicitFileType = wrapper.cfbundle; includeInIndex = 0; path = "Decade of MoviesTests.xctest"; sourceTree = BUILT_PRODUCTS_DIR; };
		7049A70024C1351C00B134EC /* Decade_of_MoviesTests.swift */ = {isa = PBXFileReference; lastKnownFileType = sourcecode.swift; path = Decade_of_MoviesTests.swift; sourceTree = "<group>"; };
		7049A70224C1351C00B134EC /* Info.plist */ = {isa = PBXFileReference; lastKnownFileType = text.plist.xml; path = Info.plist; sourceTree = "<group>"; };
		7049A70724C1351C00B134EC /* Decade of MoviesUITests.xctest */ = {isa = PBXFileReference; explicitFileType = wrapper.cfbundle; includeInIndex = 0; path = "Decade of MoviesUITests.xctest"; sourceTree = BUILT_PRODUCTS_DIR; };
		7049A70B24C1351C00B134EC /* Decade_of_MoviesUITests.swift */ = {isa = PBXFileReference; lastKnownFileType = sourcecode.swift; path = Decade_of_MoviesUITests.swift; sourceTree = "<group>"; };
		7049A70D24C1351C00B134EC /* Info.plist */ = {isa = PBXFileReference; lastKnownFileType = text.plist.xml; path = Info.plist; sourceTree = "<group>"; };
		7049A74E24C1364800B134EC /* Fetcher.swift */ = {isa = PBXFileReference; fileEncoding = 4; lastKnownFileType = sourcecode.swift; path = Fetcher.swift; sourceTree = "<group>"; };
		7049A75124C1364800B134EC /* Request.swift */ = {isa = PBXFileReference; fileEncoding = 4; lastKnownFileType = sourcecode.swift; path = Request.swift; sourceTree = "<group>"; };
		7049A75324C1364800B134EC /* AppError.swift */ = {isa = PBXFileReference; fileEncoding = 4; lastKnownFileType = sourcecode.swift; path = AppError.swift; sourceTree = "<group>"; };
		706CF42424C5481900530EED /* MoviesListingPresenterTests.swift */ = {isa = PBXFileReference; lastKnownFileType = sourcecode.swift; path = MoviesListingPresenterTests.swift; sourceTree = "<group>"; };
		706CF42624C5482A00530EED /* MoviesListingViewMock.swift */ = {isa = PBXFileReference; lastKnownFileType = sourcecode.swift; path = MoviesListingViewMock.swift; sourceTree = "<group>"; };
		706CF42824C5484000530EED /* MoviesListingUseCaseMock.swift */ = {isa = PBXFileReference; lastKnownFileType = sourcecode.swift; path = MoviesListingUseCaseMock.swift; sourceTree = "<group>"; };
		706CF42A24C5485400530EED /* FilteredMoviesListUseCaseMock.swift */ = {isa = PBXFileReference; lastKnownFileType = sourcecode.swift; path = FilteredMoviesListUseCaseMock.swift; sourceTree = "<group>"; };
		70B99D5424C533A300C7844C /* MoviesListingRepositoryMock.swift */ = {isa = PBXFileReference; lastKnownFileType = sourcecode.swift; path = MoviesListingRepositoryMock.swift; sourceTree = "<group>"; };
		70B99D5624C534FC00C7844C /* MoviesListingUseCaseTests.swift */ = {isa = PBXFileReference; lastKnownFileType = sourcecode.swift; path = MoviesListingUseCaseTests.swift; sourceTree = "<group>"; };
		70B99D5B24C539E600C7844C /* FilteredMoviesListUseCaseTests.swift */ = {isa = PBXFileReference; lastKnownFileType = sourcecode.swift; path = FilteredMoviesListUseCaseTests.swift; sourceTree = "<group>"; };
		70E4E01124C3B00D009D0BFC /* PhotosResponse.swift */ = {isa = PBXFileReference; lastKnownFileType = sourcecode.swift; path = PhotosResponse.swift; sourceTree = "<group>"; };
		70E4E01324C3B016009D0BFC /* Photos.swift */ = {isa = PBXFileReference; lastKnownFileType = sourcecode.swift; path = Photos.swift; sourceTree = "<group>"; };
		70E4E01524C3B023009D0BFC /* Photo.swift */ = {isa = PBXFileReference; lastKnownFileType = sourcecode.swift; path = Photo.swift; sourceTree = "<group>"; };
		70E4E01724C3B161009D0BFC /* MovieFlickrPhotosRequest.swift */ = {isa = PBXFileReference; lastKnownFileType = sourcecode.swift; path = MovieFlickrPhotosRequest.swift; sourceTree = "<group>"; };
		70E4E01924C3B3C9009D0BFC /* MovieFlickrPhotosRepository.swift */ = {isa = PBXFileReference; lastKnownFileType = sourcecode.swift; path = MovieFlickrPhotosRepository.swift; sourceTree = "<group>"; };
		70E4E01B24C3B51A009D0BFC /* MovieFlickrPhotosUseCase.swift */ = {isa = PBXFileReference; lastKnownFileType = sourcecode.swift; path = MovieFlickrPhotosUseCase.swift; sourceTree = "<group>"; };
		70E4E01D24C3B536009D0BFC /* MovieMainPhotoUseCase.swift */ = {isa = PBXFileReference; lastKnownFileType = sourcecode.swift; path = MovieMainPhotoUseCase.swift; sourceTree = "<group>"; };
		70E4E01F24C3B7EC009D0BFC /* MovieDetailsPresenter.swift */ = {isa = PBXFileReference; lastKnownFileType = sourcecode.swift; path = MovieDetailsPresenter.swift; sourceTree = "<group>"; };
		70E4E02124C3CEE2009D0BFC /* MovieDetailsViewController+MovieDetailsViewExtension.swift */ = {isa = PBXFileReference; lastKnownFileType = sourcecode.swift; path = "MovieDetailsViewController+MovieDetailsViewExtension.swift"; sourceTree = "<group>"; };
		70E4E02324C3CEFD009D0BFC /* MovieDetailsViewController+UICollectionViewExtension.swift */ = {isa = PBXFileReference; lastKnownFileType = sourcecode.swift; path = "MovieDetailsViewController+UICollectionViewExtension.swift"; sourceTree = "<group>"; };
		70E4E02D24C48BFE009D0BFC /* DataStoreFactory.swift */ = {isa = PBXFileReference; lastKnownFileType = sourcecode.swift; path = DataStoreFactory.swift; sourceTree = "<group>"; };
		70E4E02F24C4EE04009D0BFC /* EmptyCollectionViewCell.swift */ = {isa = PBXFileReference; fileEncoding = 4; lastKnownFileType = sourcecode.swift; path = EmptyCollectionViewCell.swift; sourceTree = "<group>"; };
		70E4E03024C4EE04009D0BFC /* ErrorCollectionViewCell.swift */ = {isa = PBXFileReference; fileEncoding = 4; lastKnownFileType = sourcecode.swift; path = ErrorCollectionViewCell.swift; sourceTree = "<group>"; };
		70E4E03124C4EE04009D0BFC /* EmptyCollectionViewCell.xib */ = {isa = PBXFileReference; fileEncoding = 4; lastKnownFileType = file.xib; path = EmptyCollectionViewCell.xib; sourceTree = "<group>"; };
		70E4E03224C4EE04009D0BFC /* ErrorCollectionViewCell.xib */ = {isa = PBXFileReference; fileEncoding = 4; lastKnownFileType = file.xib; path = ErrorCollectionViewCell.xib; sourceTree = "<group>"; };
		70E4E03C24C51BF1009D0BFC /* MovieDetailsModelsMocks.swift */ = {isa = PBXFileReference; lastKnownFileType = sourcecode.swift; path = MovieDetailsModelsMocks.swift; sourceTree = "<group>"; };
		70E4E03E24C51C31009D0BFC /* MoviesListingModelsMocks.swift */ = {isa = PBXFileReference; lastKnownFileType = sourcecode.swift; path = MoviesListingModelsMocks.swift; sourceTree = "<group>"; };
		70E4E04124C51E8E009D0BFC /* MoviesListingRepositoryTests.swift */ = {isa = PBXFileReference; lastKnownFileType = sourcecode.swift; path = MoviesListingRepositoryTests.swift; sourceTree = "<group>"; };
		70E4E04424C52218009D0BFC /* MoviesListingFetcherMock.swift */ = {isa = PBXFileReference; lastKnownFileType = sourcecode.swift; path = MoviesListingFetcherMock.swift; sourceTree = "<group>"; };
		80656E3AB337B415FC03AFBE /* Pods_Decade_of_Movies.framework */ = {isa = PBXFileReference; explicitFileType = wrapper.framework; includeInIndex = 0; path = Pods_Decade_of_Movies.framework; sourceTree = BUILT_PRODUCTS_DIR; };
		874F98C9D79D7E0994AB84A0 /* Pods-Decade_of_MoviesTests.release.xcconfig */ = {isa = PBXFileReference; includeInIndex = 1; lastKnownFileType = text.xcconfig; name = "Pods-Decade_of_MoviesTests.release.xcconfig"; path = "Target Support Files/Pods-Decade_of_MoviesTests/Pods-Decade_of_MoviesTests.release.xcconfig"; sourceTree = "<group>"; };
		9D4C008C3F1C3753B48A21D5 /* Pods-Decade of Movies.release.xcconfig */ = {isa = PBXFileReference; includeInIndex = 1; lastKnownFileType = text.xcconfig; name = "Pods-Decade of Movies.release.xcconfig"; path = "Target Support Files/Pods-Decade of Movies/Pods-Decade of Movies.release.xcconfig"; sourceTree = "<group>"; };
		AEF925F0D81E2C50039DC39D /* Pods-Decade of MoviesTests.debug.xcconfig */ = {isa = PBXFileReference; includeInIndex = 1; lastKnownFileType = text.xcconfig; name = "Pods-Decade of MoviesTests.debug.xcconfig"; path = "Target Support Files/Pods-Decade of MoviesTests/Pods-Decade of MoviesTests.debug.xcconfig"; sourceTree = "<group>"; };
		E7FF6CBC3183A1C2F7B21368 /* Pods_Decade_of_MoviesTests.framework */ = {isa = PBXFileReference; explicitFileType = wrapper.framework; includeInIndex = 0; path = Pods_Decade_of_MoviesTests.framework; sourceTree = BUILT_PRODUCTS_DIR; };
		F4DC666E639FA777323FE27D /* Pods_Decade_of_Movies_Decade_of_MoviesUITests.framework */ = {isa = PBXFileReference; explicitFileType = wrapper.framework; includeInIndex = 0; path = Pods_Decade_of_Movies_Decade_of_MoviesUITests.framework; sourceTree = BUILT_PRODUCTS_DIR; };
/* End PBXFileReference section */

/* Begin PBXFrameworksBuildPhase section */
		7049A6E324C1351A00B134EC /* Frameworks */ = {
			isa = PBXFrameworksBuildPhase;
			buildActionMask = 2147483647;
			files = (
				3E194817850F64570D36A4D6 /* Pods_Decade_of_Movies.framework in Frameworks */,
			);
			runOnlyForDeploymentPostprocessing = 0;
		};
		7049A6F924C1351C00B134EC /* Frameworks */ = {
			isa = PBXFrameworksBuildPhase;
			buildActionMask = 2147483647;
			files = (
				0DBF3E62B56683B6BADBE652 /* Pods_Decade_of_MoviesTests.framework in Frameworks */,
			);
			runOnlyForDeploymentPostprocessing = 0;
		};
		7049A70424C1351C00B134EC /* Frameworks */ = {
			isa = PBXFrameworksBuildPhase;
			buildActionMask = 2147483647;
			files = (
				25C26E5E280D161A5A1D8E89 /* Pods_Decade_of_Movies_Decade_of_MoviesUITests.framework in Frameworks */,
			);
			runOnlyForDeploymentPostprocessing = 0;
		};
/* End PBXFrameworksBuildPhase section */

/* Begin PBXGroup section */
		70148AE624C2217200344E91 /* Files */ = {
			isa = PBXGroup;
			children = (
				70148AE724C2218700344E91 /* movies.json */,
			);
			path = Files;
			sourceTree = "<group>";
		};
		70148AE924C254A500344E91 /* Result */ = {
			isa = PBXGroup;
			children = (
				70148AEA24C254B500344E91 /* Result.swift */,
			);
			path = Result;
			sourceTree = "<group>";
		};
		70148B0A24C36F0E00344E91 /* Movie Details */ = {
			isa = PBXGroup;
			children = (
				70E4E02B24C48291009D0BFC /* Presentation */,
				70E4E02A24C4828D009D0BFC /* Domain */,
				70E4E02924C48284009D0BFC /* Data */,
			);
			path = "Movie Details";
			sourceTree = "<group>";
		};
		70148B0B24C3764000344E91 /* Cell */ = {
			isa = PBXGroup;
			children = (
				70E4E02F24C4EE04009D0BFC /* EmptyCollectionViewCell.swift */,
				70E4E03124C4EE04009D0BFC /* EmptyCollectionViewCell.xib */,
				70E4E03024C4EE04009D0BFC /* ErrorCollectionViewCell.swift */,
				70E4E03224C4EE04009D0BFC /* ErrorCollectionViewCell.xib */,
				70148B2B24C3930C00344E91 /* PhotoCollectionViewCell.swift */,
				70148B2C24C3930C00344E91 /* PhotoCollectionViewCell.xib */,
			);
			path = Cell;
			sourceTree = "<group>";
		};
		70148B0F24C3764000344E91 /* Repository */ = {
			isa = PBXGroup;
			children = (
				70E4E01924C3B3C9009D0BFC /* MovieFlickrPhotosRepository.swift */,
			);
			path = Repository;
			sourceTree = "<group>";
		};
		70148B1124C3764000344E91 /* Models */ = {
			isa = PBXGroup;
			children = (
				70E4E01124C3B00D009D0BFC /* PhotosResponse.swift */,
				70E4E01324C3B016009D0BFC /* Photos.swift */,
				70E4E01524C3B023009D0BFC /* Photo.swift */,
			);
			path = Models;
			sourceTree = "<group>";
		};
		70148B1424C3764000344E91 /* Request */ = {
			isa = PBXGroup;
			children = (
				70E4E01724C3B161009D0BFC /* MovieFlickrPhotosRequest.swift */,
			);
			path = Request;
			sourceTree = "<group>";
		};
		70148B1624C3764000344E91 /* Use Case */ = {
			isa = PBXGroup;
			children = (
				70E4E01B24C3B51A009D0BFC /* MovieFlickrPhotosUseCase.swift */,
				70E4E01D24C3B536009D0BFC /* MovieMainPhotoUseCase.swift */,
			);
			path = "Use Case";
			sourceTree = "<group>";
		};
		70148B1924C3764000344E91 /* Presenter */ = {
			isa = PBXGroup;
			children = (
				70E4E01F24C3B7EC009D0BFC /* MovieDetailsPresenter.swift */,
			);
			path = Presenter;
			sourceTree = "<group>";
		};
		70148B1B24C3764000344E91 /* UI */ = {
			isa = PBXGroup;
			children = (
				70148B2324C376E800344E91 /* MovieDetails.storyboard */,
				70148B2724C37E3800344E91 /* MovieDetailsHeaderView.xib */,
				70148B2924C383DB00344E91 /* MovieDetailsHeaderView.swift */,
			);
			path = UI;
			sourceTree = "<group>";
		};
		70148B1E24C3764000344E91 /* View Controller */ = {
			isa = PBXGroup;
			children = (
				70148B2524C3770500344E91 /* MovieDetailsViewController.swift */,
				70E4E02324C3CEFD009D0BFC /* MovieDetailsViewController+UICollectionViewExtension.swift */,
				70E4E02124C3CEE2009D0BFC /* MovieDetailsViewController+MovieDetailsViewExtension.swift */,
			);
			path = "View Controller";
			sourceTree = "<group>";
		};
		701593DCDF5F17BC280F4D0D /* Pods */ = {
			isa = PBXGroup;
			children = (
				356293628CAE19FE20DECF84 /* Pods-Decade of Movies.debug.xcconfig */,
				9D4C008C3F1C3753B48A21D5 /* Pods-Decade of Movies.release.xcconfig */,
				538150150B531836AAACE5DF /* Pods-Decade of Movies-Decade of MoviesUITests.debug.xcconfig */,
				13E49CD19EC7F2BE314B1397 /* Pods-Decade of Movies-Decade of MoviesUITests.release.xcconfig */,
				AEF925F0D81E2C50039DC39D /* Pods-Decade of MoviesTests.debug.xcconfig */,
				3F7DB461E38934AC83E9AEF4 /* Pods-Decade of MoviesTests.release.xcconfig */,
				54BDC05C3BFED5EF13F251D9 /* Pods-Decade_of_MoviesTests.debug.xcconfig */,
				874F98C9D79D7E0994AB84A0 /* Pods-Decade_of_MoviesTests.release.xcconfig */,
			);
			path = Pods;
			sourceTree = "<group>";
		};
		7049A6DD24C1351A00B134EC = {
			isa = PBXGroup;
			children = (
				7049A6E824C1351A00B134EC /* Decade of Movies */,
				7049A6FF24C1351C00B134EC /* Decade of MoviesTests */,
				7049A70A24C1351C00B134EC /* Decade of MoviesUITests */,
				7049A6E724C1351A00B134EC /* Products */,
				701593DCDF5F17BC280F4D0D /* Pods */,
				791E840FB0766311A6A2C9FE /* Frameworks */,
			);
			sourceTree = "<group>";
		};
		7049A6E724C1351A00B134EC /* Products */ = {
			isa = PBXGroup;
			children = (
				7049A6E624C1351A00B134EC /* Decade of Movies.app */,
				7049A6FC24C1351C00B134EC /* Decade of MoviesTests.xctest */,
				7049A70724C1351C00B134EC /* Decade of MoviesUITests.xctest */,
			);
			name = Products;
			sourceTree = "<group>";
		};
		7049A6E824C1351A00B134EC /* Decade of Movies */ = {
			isa = PBXGroup;
			children = (
				7049A74F24C1364800B134EC /* Base */,
				7049A74C24C1364800B134EC /* Common */,
				7049A71924C1364800B134EC /* Feature */,
				7049A6E924C1351A00B134EC /* AppDelegate.swift */,
				7049A6EB24C1351A00B134EC /* SceneDelegate.swift */,
				7049A6F224C1351C00B134EC /* Assets.xcassets */,
				7049A6F424C1351C00B134EC /* LaunchScreen.storyboard */,
				7049A6F724C1351C00B134EC /* Info.plist */,
			);
			path = "Decade of Movies";
			sourceTree = "<group>";
		};
		7049A6FF24C1351C00B134EC /* Decade of MoviesTests */ = {
			isa = PBXGroup;
			children = (
				70E4E03724C50FDB009D0BFC /* feature */,
				7049A70024C1351C00B134EC /* Decade_of_MoviesTests.swift */,
				7049A70224C1351C00B134EC /* Info.plist */,
			);
			path = "Decade of MoviesTests";
			sourceTree = "<group>";
		};
		7049A70A24C1351C00B134EC /* Decade of MoviesUITests */ = {
			isa = PBXGroup;
			children = (
				7049A70B24C1351C00B134EC /* Decade_of_MoviesUITests.swift */,
				7049A70D24C1351C00B134EC /* Info.plist */,
			);
			path = "Decade of MoviesUITests";
			sourceTree = "<group>";
		};
		7049A71924C1364800B134EC /* Feature */ = {
			isa = PBXGroup;
			children = (
				7049A71A24C1364800B134EC /* Movies List */,
				70148B0A24C36F0E00344E91 /* Movie Details */,
			);
			path = Feature;
			sourceTree = "<group>";
		};
		7049A71A24C1364800B134EC /* Movies List */ = {
			isa = PBXGroup;
			children = (
				70E4E02824C48163009D0BFC /* Presentation */,
				70E4E02624C4814A009D0BFC /* Domain */,
				70E4E02724C48159009D0BFC /* Data */,
			);
			path = "Movies List";
			sourceTree = "<group>";
		};
		7049A71B24C1364800B134EC /* UI */ = {
			isa = PBXGroup;
			children = (
				7049A6EF24C1351A00B134EC /* Main.storyboard */,
			);
			path = UI;
			sourceTree = "<group>";
		};
		7049A71E24C1364800B134EC /* Presenter */ = {
			isa = PBXGroup;
			children = (
				70148B0024C2828600344E91 /* MoviesListingPresenter.swift */,
			);
			path = Presenter;
			sourceTree = "<group>";
		};
		7049A72024C1364800B134EC /* Cell */ = {
			isa = PBXGroup;
			children = (
				70148AF024C25B7A00344E91 /* MovieTableViewCell.swift */,
				70148AF124C25B7A00344E91 /* MovieTableViewCell.xib */,
			);
			path = Cell;
			sourceTree = "<group>";
		};
		7049A72424C1364800B134EC /* Repository */ = {
			isa = PBXGroup;
			children = (
				70148AFC24C27CF300344E91 /* MoviesListingRepository.swift */,
			);
			path = Repository;
			sourceTree = "<group>";
		};
		7049A72624C1364800B134EC /* Models */ = {
			isa = PBXGroup;
			children = (
				70148AF624C2749C00344E91 /* Movies.swift */,
				70148AF824C274A200344E91 /* Movie.swift */,
			);
			path = Models;
			sourceTree = "<group>";
		};
		7049A74224C1364800B134EC /* Request */ = {
			isa = PBXGroup;
			children = (
				70148AF424C2747B00344E91 /* MoviesListRequest.swift */,
			);
			path = Request;
			sourceTree = "<group>";
		};
		7049A74424C1364800B134EC /* Use Case */ = {
			isa = PBXGroup;
			children = (
				70148AFE24C27D1400344E91 /* MoviesListingUseCase.swift */,
				70148B0424C28FBC00344E91 /* FilteredMoviesListUseCase.swift */,
			);
			path = "Use Case";
			sourceTree = "<group>";
		};
		7049A74724C1364800B134EC /* View Controller */ = {
			isa = PBXGroup;
			children = (
				7049A6ED24C1351A00B134EC /* MoviesListingViewController.swift */,
				70148AFA24C274D400344E91 /* MoviesListingViewController+TableViewExtension.swift */,
				70148B0224C28A9500344E91 /* MoviesListingViewController+MoviesListingViewExtension.swift */,
				70148B0624C2ABCF00344E91 /* MoviesListingViewController+UISearchBarDelegateExtension.swift */,
			);
			path = "View Controller";
			sourceTree = "<group>";
		};
		7049A74C24C1364800B134EC /* Common */ = {
			isa = PBXGroup;
			children = (
				70148AE624C2217200344E91 /* Files */,
				70E4E02524C3EF0C009D0BFC /* Extensions */,
				70148AE924C254A500344E91 /* Result */,
				7049A74D24C1364800B134EC /* Data Fetchers */,
			);
			path = Common;
			sourceTree = "<group>";
		};
		7049A74D24C1364800B134EC /* Data Fetchers */ = {
			isa = PBXGroup;
			children = (
				7049A74E24C1364800B134EC /* Fetcher.swift */,
				70148AEC24C254EF00344E91 /* NetworkFetcher.swift */,
				70148AEE24C2575F00344E91 /* LocalJsonFetcher.swift */,
			);
			path = "Data Fetchers";
			sourceTree = "<group>";
		};
		7049A74F24C1364800B134EC /* Base */ = {
			isa = PBXGroup;
			children = (
				70E4E02C24C48BEF009D0BFC /* Factory */,
				7049A75024C1364800B134EC /* Request */,
				7049A75224C1364800B134EC /* Error */,
			);
			path = Base;
			sourceTree = "<group>";
		};
		7049A75024C1364800B134EC /* Request */ = {
			isa = PBXGroup;
			children = (
				7049A75124C1364800B134EC /* Request.swift */,
			);
			path = Request;
			sourceTree = "<group>";
		};
		7049A75224C1364800B134EC /* Error */ = {
			isa = PBXGroup;
			children = (
				7049A75324C1364800B134EC /* AppError.swift */,
			);
			path = Error;
			sourceTree = "<group>";
		};
		70B99D5324C5336500C7844C /* Use Case */ = {
			isa = PBXGroup;
			children = (
				70B99D5424C533A300C7844C /* MoviesListingRepositoryMock.swift */,
				70B99D5624C534FC00C7844C /* MoviesListingUseCaseTests.swift */,
				70B99D5B24C539E600C7844C /* FilteredMoviesListUseCaseTests.swift */,
			);
			path = "Use Case";
			sourceTree = "<group>";
		};
		70B99D5824C539AC00C7844C /* Presenter */ = {
			isa = PBXGroup;
			children = (
				706CF42624C5482A00530EED /* MoviesListingViewMock.swift */,
				706CF42824C5484000530EED /* MoviesListingUseCaseMock.swift */,
				706CF42A24C5485400530EED /* FilteredMoviesListUseCaseMock.swift */,
				706CF42424C5481900530EED /* MoviesListingPresenterTests.swift */,
			);
			path = Presenter;
			sourceTree = "<group>";
		};
		70E4E02524C3EF0C009D0BFC /* Extensions */ = {
			isa = PBXGroup;
			children = (
				70148B0824C2B08E00344E91 /* UIView+Extention.swift */,
			);
			path = Extensions;
			sourceTree = "<group>";
		};
		70E4E02624C4814A009D0BFC /* Domain */ = {
			isa = PBXGroup;
			children = (
				7049A74424C1364800B134EC /* Use Case */,
			);
			path = Domain;
			sourceTree = "<group>";
		};
		70E4E02724C48159009D0BFC /* Data */ = {
			isa = PBXGroup;
			children = (
				7049A72424C1364800B134EC /* Repository */,
				7049A74224C1364800B134EC /* Request */,
				7049A72624C1364800B134EC /* Models */,
			);
			path = Data;
			sourceTree = "<group>";
		};
		70E4E02824C48163009D0BFC /* Presentation */ = {
			isa = PBXGroup;
			children = (
				7049A71B24C1364800B134EC /* UI */,
				7049A72024C1364800B134EC /* Cell */,
				7049A74724C1364800B134EC /* View Controller */,
				7049A71E24C1364800B134EC /* Presenter */,
			);
			path = Presentation;
			sourceTree = "<group>";
		};
		70E4E02924C48284009D0BFC /* Data */ = {
			isa = PBXGroup;
			children = (
				70148B0F24C3764000344E91 /* Repository */,
				70148B1424C3764000344E91 /* Request */,
				70148B1124C3764000344E91 /* Models */,
			);
			path = Data;
			sourceTree = "<group>";
		};
		70E4E02A24C4828D009D0BFC /* Domain */ = {
			isa = PBXGroup;
			children = (
				70148B1624C3764000344E91 /* Use Case */,
			);
			path = Domain;
			sourceTree = "<group>";
		};
		70E4E02B24C48291009D0BFC /* Presentation */ = {
			isa = PBXGroup;
			children = (
				70148B1B24C3764000344E91 /* UI */,
				70148B0B24C3764000344E91 /* Cell */,
				70148B1E24C3764000344E91 /* View Controller */,
				70148B1924C3764000344E91 /* Presenter */,
			);
			path = Presentation;
			sourceTree = "<group>";
		};
		70E4E02C24C48BEF009D0BFC /* Factory */ = {
			isa = PBXGroup;
			children = (
				70E4E02D24C48BFE009D0BFC /* DataStoreFactory.swift */,
			);
			path = Factory;
			sourceTree = "<group>";
		};
		70E4E03724C50FDB009D0BFC /* feature */ = {
			isa = PBXGroup;
			children = (
				70E4E03924C50FE9009D0BFC /* Movies List */,
				70E4E03824C50FE4009D0BFC /* Movie Details */,
			);
			path = feature;
			sourceTree = "<group>";
		};
		70E4E03824C50FE4009D0BFC /* Movie Details */ = {
			isa = PBXGroup;
			children = (
				70E4E03B24C51BD0009D0BFC /* Models Mocks */,
			);
			path = "Movie Details";
			sourceTree = "<group>";
		};
		70E4E03924C50FE9009D0BFC /* Movies List */ = {
			isa = PBXGroup;
			children = (
				70B99D5824C539AC00C7844C /* Presenter */,
				70B99D5324C5336500C7844C /* Use Case */,
				70E4E04024C51E45009D0BFC /* Repository */,
				70E4E03A24C51BC4009D0BFC /* Models Mocks */,
			);
			path = "Movies List";
			sourceTree = "<group>";
		};
		70E4E03A24C51BC4009D0BFC /* Models Mocks */ = {
			isa = PBXGroup;
			children = (
				70E4E03E24C51C31009D0BFC /* MoviesListingModelsMocks.swift */,
			);
			path = "Models Mocks";
			sourceTree = "<group>";
		};
		70E4E03B24C51BD0009D0BFC /* Models Mocks */ = {
			isa = PBXGroup;
			children = (
				70E4E03C24C51BF1009D0BFC /* MovieDetailsModelsMocks.swift */,
			);
			path = "Models Mocks";
			sourceTree = "<group>";
		};
		70E4E04024C51E45009D0BFC /* Repository */ = {
			isa = PBXGroup;
			children = (
				70E4E04424C52218009D0BFC /* MoviesListingFetcherMock.swift */,
				70E4E04124C51E8E009D0BFC /* MoviesListingRepositoryTests.swift */,
			);
			path = Repository;
			sourceTree = "<group>";
		};
		791E840FB0766311A6A2C9FE /* Frameworks */ = {
			isa = PBXGroup;
			children = (
				80656E3AB337B415FC03AFBE /* Pods_Decade_of_Movies.framework */,
				F4DC666E639FA777323FE27D /* Pods_Decade_of_Movies_Decade_of_MoviesUITests.framework */,
				E7FF6CBC3183A1C2F7B21368 /* Pods_Decade_of_MoviesTests.framework */,
			);
			name = Frameworks;
			sourceTree = "<group>";
		};
/* End PBXGroup section */

/* Begin PBXNativeTarget section */
		7049A6E524C1351A00B134EC /* Decade of Movies */ = {
			isa = PBXNativeTarget;
			buildConfigurationList = 7049A71024C1351C00B134EC /* Build configuration list for PBXNativeTarget "Decade of Movies" */;
			buildPhases = (
				7AFBC669121723D5651EFDE1 /* [CP] Check Pods Manifest.lock */,
				7049A6E224C1351A00B134EC /* Sources */,
				7049A6E324C1351A00B134EC /* Frameworks */,
				7049A6E424C1351A00B134EC /* Resources */,
				E9528AC0ACC9066E562D342B /* [CP] Embed Pods Frameworks */,
			);
			buildRules = (
			);
			dependencies = (
			);
			name = "Decade of Movies";
			productName = "Decade of Movies";
			productReference = 7049A6E624C1351A00B134EC /* Decade of Movies.app */;
			productType = "com.apple.product-type.application";
		};
		7049A6FB24C1351C00B134EC /* Decade of MoviesTests */ = {
			isa = PBXNativeTarget;
			buildConfigurationList = 7049A71324C1351C00B134EC /* Build configuration list for PBXNativeTarget "Decade of MoviesTests" */;
			buildPhases = (
				A88643D99AD56BDAD52826E1 /* [CP] Check Pods Manifest.lock */,
				7049A6F824C1351C00B134EC /* Sources */,
				7049A6F924C1351C00B134EC /* Frameworks */,
				7049A6FA24C1351C00B134EC /* Resources */,
				EDD3C9C041ECFC318EC0BD27 /* [CP] Embed Pods Frameworks */,
			);
			buildRules = (
			);
			dependencies = (
				7049A6FE24C1351C00B134EC /* PBXTargetDependency */,
			);
			name = "Decade of MoviesTests";
			productName = "Decade of MoviesTests";
			productReference = 7049A6FC24C1351C00B134EC /* Decade of MoviesTests.xctest */;
			productType = "com.apple.product-type.bundle.unit-test";
		};
		7049A70624C1351C00B134EC /* Decade of MoviesUITests */ = {
			isa = PBXNativeTarget;
			buildConfigurationList = 7049A71624C1351C00B134EC /* Build configuration list for PBXNativeTarget "Decade of MoviesUITests" */;
			buildPhases = (
				3EEC68BD28C4872C10F76DB6 /* [CP] Check Pods Manifest.lock */,
				7049A70324C1351C00B134EC /* Sources */,
				7049A70424C1351C00B134EC /* Frameworks */,
				7049A70524C1351C00B134EC /* Resources */,
				D64680F37395850BE7A41DD5 /* [CP] Embed Pods Frameworks */,
				7049A77C24C13ED600B134EC /* SwiftLint */,
			);
			buildRules = (
			);
			dependencies = (
				7049A70924C1351C00B134EC /* PBXTargetDependency */,
			);
			name = "Decade of MoviesUITests";
			productName = "Decade of MoviesUITests";
			productReference = 7049A70724C1351C00B134EC /* Decade of MoviesUITests.xctest */;
			productType = "com.apple.product-type.bundle.ui-testing";
		};
/* End PBXNativeTarget section */

/* Begin PBXProject section */
		7049A6DE24C1351A00B134EC /* Project object */ = {
			isa = PBXProject;
			attributes = {
				LastSwiftUpdateCheck = 1130;
				LastUpgradeCheck = 1130;
				ORGANIZATIONNAME = MarkoNazmy;
				TargetAttributes = {
					7049A6E524C1351A00B134EC = {
						CreatedOnToolsVersion = 11.3.1;
					};
					7049A6FB24C1351C00B134EC = {
						CreatedOnToolsVersion = 11.3.1;
						TestTargetID = 7049A6E524C1351A00B134EC;
					};
					7049A70624C1351C00B134EC = {
						CreatedOnToolsVersion = 11.3.1;
						TestTargetID = 7049A6E524C1351A00B134EC;
					};
				};
			};
			buildConfigurationList = 7049A6E124C1351A00B134EC /* Build configuration list for PBXProject "Decade of Movies" */;
			compatibilityVersion = "Xcode 9.3";
			developmentRegion = en;
			hasScannedForEncodings = 0;
			knownRegions = (
				en,
				Base,
			);
			mainGroup = 7049A6DD24C1351A00B134EC;
			productRefGroup = 7049A6E724C1351A00B134EC /* Products */;
			projectDirPath = "";
			projectRoot = "";
			targets = (
				7049A6E524C1351A00B134EC /* Decade of Movies */,
				7049A6FB24C1351C00B134EC /* Decade of MoviesTests */,
				7049A70624C1351C00B134EC /* Decade of MoviesUITests */,
			);
		};
/* End PBXProject section */

/* Begin PBXResourcesBuildPhase section */
		7049A6E424C1351A00B134EC /* Resources */ = {
			isa = PBXResourcesBuildPhase;
			buildActionMask = 2147483647;
			files = (
				70148AF324C25B7A00344E91 /* MovieTableViewCell.xib in Resources */,
				7049A6F624C1351C00B134EC /* LaunchScreen.storyboard in Resources */,
				70E4E03524C4EE04009D0BFC /* EmptyCollectionViewCell.xib in Resources */,
				70148B2424C376E800344E91 /* MovieDetails.storyboard in Resources */,
				7049A6F324C1351C00B134EC /* Assets.xcassets in Resources */,
				70148AE824C2218800344E91 /* movies.json in Resources */,
				70E4E03624C4EE04009D0BFC /* ErrorCollectionViewCell.xib in Resources */,
				70148B2E24C3930C00344E91 /* PhotoCollectionViewCell.xib in Resources */,
				70148B2824C37E3800344E91 /* MovieDetailsHeaderView.xib in Resources */,
				7049A6F124C1351A00B134EC /* Main.storyboard in Resources */,
			);
			runOnlyForDeploymentPostprocessing = 0;
		};
		7049A6FA24C1351C00B134EC /* Resources */ = {
			isa = PBXResourcesBuildPhase;
			buildActionMask = 2147483647;
			files = (
			);
			runOnlyForDeploymentPostprocessing = 0;
		};
		7049A70524C1351C00B134EC /* Resources */ = {
			isa = PBXResourcesBuildPhase;
			buildActionMask = 2147483647;
			files = (
			);
			runOnlyForDeploymentPostprocessing = 0;
		};
/* End PBXResourcesBuildPhase section */

/* Begin PBXShellScriptBuildPhase section */
		3EEC68BD28C4872C10F76DB6 /* [CP] Check Pods Manifest.lock */ = {
			isa = PBXShellScriptBuildPhase;
			buildActionMask = 2147483647;
			files = (
			);
			inputFileListPaths = (
			);
			inputPaths = (
				"${PODS_PODFILE_DIR_PATH}/Podfile.lock",
				"${PODS_ROOT}/Manifest.lock",
			);
			name = "[CP] Check Pods Manifest.lock";
			outputFileListPaths = (
			);
			outputPaths = (
				"$(DERIVED_FILE_DIR)/Pods-Decade of Movies-Decade of MoviesUITests-checkManifestLockResult.txt",
			);
			runOnlyForDeploymentPostprocessing = 0;
			shellPath = /bin/sh;
			shellScript = "diff \"${PODS_PODFILE_DIR_PATH}/Podfile.lock\" \"${PODS_ROOT}/Manifest.lock\" > /dev/null\nif [ $? != 0 ] ; then\n    # print error to STDERR\n    echo \"error: The sandbox is not in sync with the Podfile.lock. Run 'pod install' or update your CocoaPods installation.\" >&2\n    exit 1\nfi\n# This output is used by Xcode 'outputs' to avoid re-running this script phase.\necho \"SUCCESS\" > \"${SCRIPT_OUTPUT_FILE_0}\"\n";
			showEnvVarsInLog = 0;
		};
		7049A77C24C13ED600B134EC /* SwiftLint */ = {
			isa = PBXShellScriptBuildPhase;
			buildActionMask = 2147483647;
			files = (
			);
			inputFileListPaths = (
			);
			inputPaths = (
			);
			name = SwiftLint;
			outputFileListPaths = (
			);
			outputPaths = (
			);
			runOnlyForDeploymentPostprocessing = 0;
			shellPath = /bin/sh;
			shellScript = "# Type a script or drag a script file from your workspace to insert its path.\n\"${SRCROOT}/Pods/SwiftLint/swiftlint\"\n";
		};
		7AFBC669121723D5651EFDE1 /* [CP] Check Pods Manifest.lock */ = {
			isa = PBXShellScriptBuildPhase;
			buildActionMask = 2147483647;
			files = (
			);
			inputFileListPaths = (
			);
			inputPaths = (
				"${PODS_PODFILE_DIR_PATH}/Podfile.lock",
				"${PODS_ROOT}/Manifest.lock",
			);
			name = "[CP] Check Pods Manifest.lock";
			outputFileListPaths = (
			);
			outputPaths = (
				"$(DERIVED_FILE_DIR)/Pods-Decade of Movies-checkManifestLockResult.txt",
			);
			runOnlyForDeploymentPostprocessing = 0;
			shellPath = /bin/sh;
			shellScript = "diff \"${PODS_PODFILE_DIR_PATH}/Podfile.lock\" \"${PODS_ROOT}/Manifest.lock\" > /dev/null\nif [ $? != 0 ] ; then\n    # print error to STDERR\n    echo \"error: The sandbox is not in sync with the Podfile.lock. Run 'pod install' or update your CocoaPods installation.\" >&2\n    exit 1\nfi\n# This output is used by Xcode 'outputs' to avoid re-running this script phase.\necho \"SUCCESS\" > \"${SCRIPT_OUTPUT_FILE_0}\"\n";
			showEnvVarsInLog = 0;
		};
		A88643D99AD56BDAD52826E1 /* [CP] Check Pods Manifest.lock */ = {
			isa = PBXShellScriptBuildPhase;
			buildActionMask = 2147483647;
			files = (
			);
			inputFileListPaths = (
			);
			inputPaths = (
				"${PODS_PODFILE_DIR_PATH}/Podfile.lock",
				"${PODS_ROOT}/Manifest.lock",
			);
			name = "[CP] Check Pods Manifest.lock";
			outputFileListPaths = (
			);
			outputPaths = (
				"$(DERIVED_FILE_DIR)/Pods-Decade of MoviesTests-checkManifestLockResult.txt",
			);
			runOnlyForDeploymentPostprocessing = 0;
			shellPath = /bin/sh;
			shellScript = "diff \"${PODS_PODFILE_DIR_PATH}/Podfile.lock\" \"${PODS_ROOT}/Manifest.lock\" > /dev/null\nif [ $? != 0 ] ; then\n    # print error to STDERR\n    echo \"error: The sandbox is not in sync with the Podfile.lock. Run 'pod install' or update your CocoaPods installation.\" >&2\n    exit 1\nfi\n# This output is used by Xcode 'outputs' to avoid re-running this script phase.\necho \"SUCCESS\" > \"${SCRIPT_OUTPUT_FILE_0}\"\n";
			showEnvVarsInLog = 0;
		};
		D64680F37395850BE7A41DD5 /* [CP] Embed Pods Frameworks */ = {
			isa = PBXShellScriptBuildPhase;
			buildActionMask = 2147483647;
			files = (
			);
			inputFileListPaths = (
				"${PODS_ROOT}/Target Support Files/Pods-Decade of Movies-Decade of MoviesUITests/Pods-Decade of Movies-Decade of MoviesUITests-frameworks-${CONFIGURATION}-input-files.xcfilelist",
			);
			name = "[CP] Embed Pods Frameworks";
			outputFileListPaths = (
				"${PODS_ROOT}/Target Support Files/Pods-Decade of Movies-Decade of MoviesUITests/Pods-Decade of Movies-Decade of MoviesUITests-frameworks-${CONFIGURATION}-output-files.xcfilelist",
			);
			runOnlyForDeploymentPostprocessing = 0;
			shellPath = /bin/sh;
			shellScript = "\"${PODS_ROOT}/Target Support Files/Pods-Decade of Movies-Decade of MoviesUITests/Pods-Decade of Movies-Decade of MoviesUITests-frameworks.sh\"\n";
			showEnvVarsInLog = 0;
		};
		E9528AC0ACC9066E562D342B /* [CP] Embed Pods Frameworks */ = {
			isa = PBXShellScriptBuildPhase;
			buildActionMask = 2147483647;
			files = (
			);
			inputFileListPaths = (
				"${PODS_ROOT}/Target Support Files/Pods-Decade of Movies/Pods-Decade of Movies-frameworks-${CONFIGURATION}-input-files.xcfilelist",
			);
			name = "[CP] Embed Pods Frameworks";
			outputFileListPaths = (
				"${PODS_ROOT}/Target Support Files/Pods-Decade of Movies/Pods-Decade of Movies-frameworks-${CONFIGURATION}-output-files.xcfilelist",
			);
			runOnlyForDeploymentPostprocessing = 0;
			shellPath = /bin/sh;
			shellScript = "\"${PODS_ROOT}/Target Support Files/Pods-Decade of Movies/Pods-Decade of Movies-frameworks.sh\"\n";
			showEnvVarsInLog = 0;
		};
		EDD3C9C041ECFC318EC0BD27 /* [CP] Embed Pods Frameworks */ = {
			isa = PBXShellScriptBuildPhase;
			buildActionMask = 2147483647;
			files = (
			);
			inputFileListPaths = (
				"${PODS_ROOT}/Target Support Files/Pods-Decade of MoviesTests/Pods-Decade of MoviesTests-frameworks-${CONFIGURATION}-input-files.xcfilelist",
			);
			name = "[CP] Embed Pods Frameworks";
			outputFileListPaths = (
				"${PODS_ROOT}/Target Support Files/Pods-Decade of MoviesTests/Pods-Decade of MoviesTests-frameworks-${CONFIGURATION}-output-files.xcfilelist",
			);
			runOnlyForDeploymentPostprocessing = 0;
			shellPath = /bin/sh;
			shellScript = "\"${PODS_ROOT}/Target Support Files/Pods-Decade of MoviesTests/Pods-Decade of MoviesTests-frameworks.sh\"\n";
			showEnvVarsInLog = 0;
		};
/* End PBXShellScriptBuildPhase section */

/* Begin PBXSourcesBuildPhase section */
		7049A6E224C1351A00B134EC /* Sources */ = {
			isa = PBXSourcesBuildPhase;
			buildActionMask = 2147483647;
			files = (
				7049A77A24C1364800B134EC /* Request.swift in Sources */,
				70148B0724C2ABCF00344E91 /* MoviesListingViewController+UISearchBarDelegateExtension.swift in Sources */,
				70E4E01C24C3B51A009D0BFC /* MovieFlickrPhotosUseCase.swift in Sources */,
				70E4E01824C3B161009D0BFC /* MovieFlickrPhotosRequest.swift in Sources */,
				7049A77924C1364800B134EC /* Fetcher.swift in Sources */,
				70E4E03324C4EE04009D0BFC /* EmptyCollectionViewCell.swift in Sources */,
				70E4E01624C3B023009D0BFC /* Photo.swift in Sources */,
				70148AFD24C27CF300344E91 /* MoviesListingRepository.swift in Sources */,
				70148B0124C2828600344E91 /* MoviesListingPresenter.swift in Sources */,
				70148AF724C2749C00344E91 /* Movies.swift in Sources */,
				70E4E02424C3CEFD009D0BFC /* MovieDetailsViewController+UICollectionViewExtension.swift in Sources */,
				70148AEF24C2575F00344E91 /* LocalJsonFetcher.swift in Sources */,
				70148AF224C25B7A00344E91 /* MovieTableViewCell.swift in Sources */,
				70148B0324C28A9500344E91 /* MoviesListingViewController+MoviesListingViewExtension.swift in Sources */,
				70148AED24C254EF00344E91 /* NetworkFetcher.swift in Sources */,
				70148B0524C28FBC00344E91 /* FilteredMoviesListUseCase.swift in Sources */,
				70E4E02E24C48BFE009D0BFC /* DataStoreFactory.swift in Sources */,
				70E4E01A24C3B3C9009D0BFC /* MovieFlickrPhotosRepository.swift in Sources */,
				7049A6EE24C1351A00B134EC /* MoviesListingViewController.swift in Sources */,
				70E4E03424C4EE04009D0BFC /* ErrorCollectionViewCell.swift in Sources */,
				7049A6EA24C1351A00B134EC /* AppDelegate.swift in Sources */,
				70148AFB24C274D400344E91 /* MoviesListingViewController+TableViewExtension.swift in Sources */,
				70E4E01224C3B00D009D0BFC /* PhotosResponse.swift in Sources */,
				70148AF924C274A200344E91 /* Movie.swift in Sources */,
				70E4E02024C3B7EC009D0BFC /* MovieDetailsPresenter.swift in Sources */,
				70148AFF24C27D1400344E91 /* MoviesListingUseCase.swift in Sources */,
				70148B2624C3770500344E91 /* MovieDetailsViewController.swift in Sources */,
				70148B2D24C3930C00344E91 /* PhotoCollectionViewCell.swift in Sources */,
				70148AF524C2747B00344E91 /* MoviesListRequest.swift in Sources */,
				70E4E01424C3B016009D0BFC /* Photos.swift in Sources */,
				70148B0924C2B08E00344E91 /* UIView+Extention.swift in Sources */,
				70148AEB24C254B500344E91 /* Result.swift in Sources */,
				70E4E01E24C3B536009D0BFC /* MovieMainPhotoUseCase.swift in Sources */,
				70E4E02224C3CEE2009D0BFC /* MovieDetailsViewController+MovieDetailsViewExtension.swift in Sources */,
				70148B2A24C383DB00344E91 /* MovieDetailsHeaderView.swift in Sources */,
				7049A77B24C1364800B134EC /* AppError.swift in Sources */,
				7049A6EC24C1351A00B134EC /* SceneDelegate.swift in Sources */,
			);
			runOnlyForDeploymentPostprocessing = 0;
		};
		7049A6F824C1351C00B134EC /* Sources */ = {
			isa = PBXSourcesBuildPhase;
			buildActionMask = 2147483647;
			files = (
				70B99D5724C534FC00C7844C /* MoviesListingUseCaseTests.swift in Sources */,
				70E4E03F24C51C31009D0BFC /* MoviesListingModelsMocks.swift in Sources */,
				706CF42524C5481900530EED /* MoviesListingPresenterTests.swift in Sources */,
				706CF42B24C5485400530EED /* FilteredMoviesListUseCaseMock.swift in Sources */,
				706CF42924C5484000530EED /* MoviesListingUseCaseMock.swift in Sources */,
				70E4E04224C51E8E009D0BFC /* MoviesListingRepositoryTests.swift in Sources */,
				7049A70124C1351C00B134EC /* Decade_of_MoviesTests.swift in Sources */,
				70B99D5524C533A300C7844C /* MoviesListingRepositoryMock.swift in Sources */,
				706CF42724C5482B00530EED /* MoviesListingViewMock.swift in Sources */,
				70B99D5C24C539E600C7844C /* FilteredMoviesListUseCaseTests.swift in Sources */,
				70E4E03D24C51BF1009D0BFC /* MovieDetailsModelsMocks.swift in Sources */,
				70E4E04524C52218009D0BFC /* MoviesListingFetcherMock.swift in Sources */,
			);
			runOnlyForDeploymentPostprocessing = 0;
		};
		7049A70324C1351C00B134EC /* Sources */ = {
			isa = PBXSourcesBuildPhase;
			buildActionMask = 2147483647;
			files = (
				70E4E04324C521FB009D0BFC /* Decade_of_MoviesUITests.swift in Sources */,
			);
			runOnlyForDeploymentPostprocessing = 0;
		};
/* End PBXSourcesBuildPhase section */

/* Begin PBXTargetDependency section */
		7049A6FE24C1351C00B134EC /* PBXTargetDependency */ = {
			isa = PBXTargetDependency;
			target = 7049A6E524C1351A00B134EC /* Decade of Movies */;
			targetProxy = 7049A6FD24C1351C00B134EC /* PBXContainerItemProxy */;
		};
		7049A70924C1351C00B134EC /* PBXTargetDependency */ = {
			isa = PBXTargetDependency;
			target = 7049A6E524C1351A00B134EC /* Decade of Movies */;
			targetProxy = 7049A70824C1351C00B134EC /* PBXContainerItemProxy */;
		};
/* End PBXTargetDependency section */

/* Begin PBXVariantGroup section */
		7049A6EF24C1351A00B134EC /* Main.storyboard */ = {
			isa = PBXVariantGroup;
			children = (
				7049A6F024C1351A00B134EC /* Base */,
			);
			name = Main.storyboard;
			sourceTree = "<group>";
		};
		7049A6F424C1351C00B134EC /* LaunchScreen.storyboard */ = {
			isa = PBXVariantGroup;
			children = (
				7049A6F524C1351C00B134EC /* Base */,
			);
			name = LaunchScreen.storyboard;
			sourceTree = "<group>";
		};
/* End PBXVariantGroup section */

/* Begin XCBuildConfiguration section */
		7049A70E24C1351C00B134EC /* Debug */ = {
			isa = XCBuildConfiguration;
			buildSettings = {
				ALWAYS_SEARCH_USER_PATHS = NO;
				CLANG_ANALYZER_NONNULL = YES;
				CLANG_ANALYZER_NUMBER_OBJECT_CONVERSION = YES_AGGRESSIVE;
				CLANG_CXX_LANGUAGE_STANDARD = "gnu++14";
				CLANG_CXX_LIBRARY = "libc++";
				CLANG_ENABLE_MODULES = YES;
				CLANG_ENABLE_OBJC_ARC = YES;
				CLANG_ENABLE_OBJC_WEAK = YES;
				CLANG_WARN_BLOCK_CAPTURE_AUTORELEASING = YES;
				CLANG_WARN_BOOL_CONVERSION = YES;
				CLANG_WARN_COMMA = YES;
				CLANG_WARN_CONSTANT_CONVERSION = YES;
				CLANG_WARN_DEPRECATED_OBJC_IMPLEMENTATIONS = YES;
				CLANG_WARN_DIRECT_OBJC_ISA_USAGE = YES_ERROR;
				CLANG_WARN_DOCUMENTATION_COMMENTS = YES;
				CLANG_WARN_EMPTY_BODY = YES;
				CLANG_WARN_ENUM_CONVERSION = YES;
				CLANG_WARN_INFINITE_RECURSION = YES;
				CLANG_WARN_INT_CONVERSION = YES;
				CLANG_WARN_NON_LITERAL_NULL_CONVERSION = YES;
				CLANG_WARN_OBJC_IMPLICIT_RETAIN_SELF = YES;
				CLANG_WARN_OBJC_LITERAL_CONVERSION = YES;
				CLANG_WARN_OBJC_ROOT_CLASS = YES_ERROR;
				CLANG_WARN_RANGE_LOOP_ANALYSIS = YES;
				CLANG_WARN_STRICT_PROTOTYPES = YES;
				CLANG_WARN_SUSPICIOUS_MOVE = YES;
				CLANG_WARN_UNGUARDED_AVAILABILITY = YES_AGGRESSIVE;
				CLANG_WARN_UNREACHABLE_CODE = YES;
				CLANG_WARN__DUPLICATE_METHOD_MATCH = YES;
				COPY_PHASE_STRIP = NO;
				DEBUG_INFORMATION_FORMAT = dwarf;
				ENABLE_STRICT_OBJC_MSGSEND = YES;
				ENABLE_TESTABILITY = YES;
				GCC_C_LANGUAGE_STANDARD = gnu11;
				GCC_DYNAMIC_NO_PIC = NO;
				GCC_NO_COMMON_BLOCKS = YES;
				GCC_OPTIMIZATION_LEVEL = 0;
				GCC_PREPROCESSOR_DEFINITIONS = (
					"DEBUG=1",
					"$(inherited)",
				);
				GCC_WARN_64_TO_32_BIT_CONVERSION = YES;
				GCC_WARN_ABOUT_RETURN_TYPE = YES_ERROR;
				GCC_WARN_UNDECLARED_SELECTOR = YES;
				GCC_WARN_UNINITIALIZED_AUTOS = YES_AGGRESSIVE;
				GCC_WARN_UNUSED_FUNCTION = YES;
				GCC_WARN_UNUSED_VARIABLE = YES;
				IPHONEOS_DEPLOYMENT_TARGET = 13.2;
				MTL_ENABLE_DEBUG_INFO = INCLUDE_SOURCE;
				MTL_FAST_MATH = YES;
				ONLY_ACTIVE_ARCH = YES;
				SDKROOT = iphoneos;
				SWIFT_ACTIVE_COMPILATION_CONDITIONS = DEBUG;
				SWIFT_OPTIMIZATION_LEVEL = "-Onone";
			};
			name = Debug;
		};
		7049A70F24C1351C00B134EC /* Release */ = {
			isa = XCBuildConfiguration;
			buildSettings = {
				ALWAYS_SEARCH_USER_PATHS = NO;
				CLANG_ANALYZER_NONNULL = YES;
				CLANG_ANALYZER_NUMBER_OBJECT_CONVERSION = YES_AGGRESSIVE;
				CLANG_CXX_LANGUAGE_STANDARD = "gnu++14";
				CLANG_CXX_LIBRARY = "libc++";
				CLANG_ENABLE_MODULES = YES;
				CLANG_ENABLE_OBJC_ARC = YES;
				CLANG_ENABLE_OBJC_WEAK = YES;
				CLANG_WARN_BLOCK_CAPTURE_AUTORELEASING = YES;
				CLANG_WARN_BOOL_CONVERSION = YES;
				CLANG_WARN_COMMA = YES;
				CLANG_WARN_CONSTANT_CONVERSION = YES;
				CLANG_WARN_DEPRECATED_OBJC_IMPLEMENTATIONS = YES;
				CLANG_WARN_DIRECT_OBJC_ISA_USAGE = YES_ERROR;
				CLANG_WARN_DOCUMENTATION_COMMENTS = YES;
				CLANG_WARN_EMPTY_BODY = YES;
				CLANG_WARN_ENUM_CONVERSION = YES;
				CLANG_WARN_INFINITE_RECURSION = YES;
				CLANG_WARN_INT_CONVERSION = YES;
				CLANG_WARN_NON_LITERAL_NULL_CONVERSION = YES;
				CLANG_WARN_OBJC_IMPLICIT_RETAIN_SELF = YES;
				CLANG_WARN_OBJC_LITERAL_CONVERSION = YES;
				CLANG_WARN_OBJC_ROOT_CLASS = YES_ERROR;
				CLANG_WARN_RANGE_LOOP_ANALYSIS = YES;
				CLANG_WARN_STRICT_PROTOTYPES = YES;
				CLANG_WARN_SUSPICIOUS_MOVE = YES;
				CLANG_WARN_UNGUARDED_AVAILABILITY = YES_AGGRESSIVE;
				CLANG_WARN_UNREACHABLE_CODE = YES;
				CLANG_WARN__DUPLICATE_METHOD_MATCH = YES;
				COPY_PHASE_STRIP = NO;
				DEBUG_INFORMATION_FORMAT = "dwarf-with-dsym";
				ENABLE_NS_ASSERTIONS = NO;
				ENABLE_STRICT_OBJC_MSGSEND = YES;
				GCC_C_LANGUAGE_STANDARD = gnu11;
				GCC_NO_COMMON_BLOCKS = YES;
				GCC_WARN_64_TO_32_BIT_CONVERSION = YES;
				GCC_WARN_ABOUT_RETURN_TYPE = YES_ERROR;
				GCC_WARN_UNDECLARED_SELECTOR = YES;
				GCC_WARN_UNINITIALIZED_AUTOS = YES_AGGRESSIVE;
				GCC_WARN_UNUSED_FUNCTION = YES;
				GCC_WARN_UNUSED_VARIABLE = YES;
				IPHONEOS_DEPLOYMENT_TARGET = 13.2;
				MTL_ENABLE_DEBUG_INFO = NO;
				MTL_FAST_MATH = YES;
				SDKROOT = iphoneos;
				SWIFT_COMPILATION_MODE = wholemodule;
				SWIFT_OPTIMIZATION_LEVEL = "-O";
				VALIDATE_PRODUCT = YES;
			};
			name = Release;
		};
		7049A71124C1351C00B134EC /* Debug */ = {
			isa = XCBuildConfiguration;
			baseConfigurationReference = 356293628CAE19FE20DECF84 /* Pods-Decade of Movies.debug.xcconfig */;
			buildSettings = {
				ALWAYS_EMBED_SWIFT_STANDARD_LIBRARIES = "$(inherited)";
				ASSETCATALOG_COMPILER_APPICON_NAME = AppIcon;
				CODE_SIGN_STYLE = Automatic;
				DEVELOPMENT_TEAM = N2H84W2B63;
				INFOPLIST_FILE = "Decade of Movies/Info.plist";
				IPHONEOS_DEPLOYMENT_TARGET = 10.0;
				LD_RUNPATH_SEARCH_PATHS = (
					"$(inherited)",
					"@executable_path/Frameworks",
				);
				PRODUCT_BUNDLE_IDENTIFIER = "com.marko.Decade-of-Movies";
				PRODUCT_NAME = "$(TARGET_NAME)";
				SWIFT_VERSION = 5.0;
				TARGETED_DEVICE_FAMILY = 1;
			};
			name = Debug;
		};
		7049A71224C1351C00B134EC /* Release */ = {
			isa = XCBuildConfiguration;
			baseConfigurationReference = 9D4C008C3F1C3753B48A21D5 /* Pods-Decade of Movies.release.xcconfig */;
			buildSettings = {
				ALWAYS_EMBED_SWIFT_STANDARD_LIBRARIES = "$(inherited)";
				ASSETCATALOG_COMPILER_APPICON_NAME = AppIcon;
				CODE_SIGN_STYLE = Automatic;
				DEVELOPMENT_TEAM = N2H84W2B63;
				INFOPLIST_FILE = "Decade of Movies/Info.plist";
				IPHONEOS_DEPLOYMENT_TARGET = 10.0;
				LD_RUNPATH_SEARCH_PATHS = (
					"$(inherited)",
					"@executable_path/Frameworks",
				);
				PRODUCT_BUNDLE_IDENTIFIER = "com.marko.Decade-of-Movies";
				PRODUCT_NAME = "$(TARGET_NAME)";
				SWIFT_VERSION = 5.0;
				TARGETED_DEVICE_FAMILY = 1;
			};
			name = Release;
		};
		7049A71424C1351C00B134EC /* Debug */ = {
			isa = XCBuildConfiguration;
			baseConfigurationReference = AEF925F0D81E2C50039DC39D /* Pods-Decade of MoviesTests.debug.xcconfig */;
			buildSettings = {
				ALWAYS_EMBED_SWIFT_STANDARD_LIBRARIES = "$(inherited)";
				BUNDLE_LOADER = "$(TEST_HOST)";
				CODE_SIGN_STYLE = Automatic;
				DEVELOPMENT_TEAM = N2H84W2B63;
				INFOPLIST_FILE = "Decade of MoviesTests/Info.plist";
				IPHONEOS_DEPLOYMENT_TARGET = 13.2;
				LD_RUNPATH_SEARCH_PATHS = (
					"$(inherited)",
					"@executable_path/Frameworks",
					"@loader_path/Frameworks",
				);
				PRODUCT_BUNDLE_IDENTIFIER = "com.marko.Decade-of-MoviesTests";
				PRODUCT_NAME = "$(TARGET_NAME)";
				SWIFT_VERSION = 5.0;
				TARGETED_DEVICE_FAMILY = "1,2";
				TEST_HOST = "$(BUILT_PRODUCTS_DIR)/Decade of Movies.app/Decade of Movies";
			};
			name = Debug;
		};
		7049A71524C1351C00B134EC /* Release */ = {
			isa = XCBuildConfiguration;
			baseConfigurationReference = 3F7DB461E38934AC83E9AEF4 /* Pods-Decade of MoviesTests.release.xcconfig */;
			buildSettings = {
				ALWAYS_EMBED_SWIFT_STANDARD_LIBRARIES = "$(inherited)";
				BUNDLE_LOADER = "$(TEST_HOST)";
				CODE_SIGN_STYLE = Automatic;
				DEVELOPMENT_TEAM = N2H84W2B63;
				INFOPLIST_FILE = "Decade of MoviesTests/Info.plist";
				IPHONEOS_DEPLOYMENT_TARGET = 13.2;
				LD_RUNPATH_SEARCH_PATHS = (
					"$(inherited)",
					"@executable_path/Frameworks",
					"@loader_path/Frameworks",
				);
				PRODUCT_BUNDLE_IDENTIFIER = "com.marko.Decade-of-MoviesTests";
				PRODUCT_NAME = "$(TARGET_NAME)";
				SWIFT_VERSION = 5.0;
				TARGETED_DEVICE_FAMILY = "1,2";
				TEST_HOST = "$(BUILT_PRODUCTS_DIR)/Decade of Movies.app/Decade of Movies";
			};
			name = Release;
		};
		7049A71724C1351C00B134EC /* Debug */ = {
			isa = XCBuildConfiguration;
			baseConfigurationReference = 538150150B531836AAACE5DF /* Pods-Decade of Movies-Decade of MoviesUITests.debug.xcconfig */;
			buildSettings = {
				ALWAYS_EMBED_SWIFT_STANDARD_LIBRARIES = "$(inherited)";
				CODE_SIGN_STYLE = Automatic;
				DEVELOPMENT_TEAM = N2H84W2B63;
				INFOPLIST_FILE = "Decade of MoviesUITests/Info.plist";
				LD_RUNPATH_SEARCH_PATHS = (
					"$(inherited)",
					"@executable_path/Frameworks",
					"@loader_path/Frameworks",
				);
				PRODUCT_BUNDLE_IDENTIFIER = "com.marko.Decade-of-MoviesUITests";
				PRODUCT_NAME = "$(TARGET_NAME)";
				SWIFT_VERSION = 5.0;
				TARGETED_DEVICE_FAMILY = "1,2";
				TEST_TARGET_NAME = "Decade of Movies";
			};
			name = Debug;
		};
		7049A71824C1351C00B134EC /* Release */ = {
			isa = XCBuildConfiguration;
			baseConfigurationReference = 13E49CD19EC7F2BE314B1397 /* Pods-Decade of Movies-Decade of MoviesUITests.release.xcconfig */;
			buildSettings = {
				ALWAYS_EMBED_SWIFT_STANDARD_LIBRARIES = "$(inherited)";
				CODE_SIGN_STYLE = Automatic;
				DEVELOPMENT_TEAM = N2H84W2B63;
				INFOPLIST_FILE = "Decade of MoviesUITests/Info.plist";
				LD_RUNPATH_SEARCH_PATHS = (
					"$(inherited)",
					"@executable_path/Frameworks",
					"@loader_path/Frameworks",
				);
				PRODUCT_BUNDLE_IDENTIFIER = "com.marko.Decade-of-MoviesUITests";
				PRODUCT_NAME = "$(TARGET_NAME)";
				SWIFT_VERSION = 5.0;
				TARGETED_DEVICE_FAMILY = "1,2";
				TEST_TARGET_NAME = "Decade of Movies";
			};
			name = Release;
		};
/* End XCBuildConfiguration section */

/* Begin XCConfigurationList section */
		7049A6E124C1351A00B134EC /* Build configuration list for PBXProject "Decade of Movies" */ = {
			isa = XCConfigurationList;
			buildConfigurations = (
				7049A70E24C1351C00B134EC /* Debug */,
				7049A70F24C1351C00B134EC /* Release */,
			);
			defaultConfigurationIsVisible = 0;
			defaultConfigurationName = Release;
		};
		7049A71024C1351C00B134EC /* Build configuration list for PBXNativeTarget "Decade of Movies" */ = {
			isa = XCConfigurationList;
			buildConfigurations = (
				7049A71124C1351C00B134EC /* Debug */,
				7049A71224C1351C00B134EC /* Release */,
			);
			defaultConfigurationIsVisible = 0;
			defaultConfigurationName = Release;
		};
		7049A71324C1351C00B134EC /* Build configuration list for PBXNativeTarget "Decade of MoviesTests" */ = {
			isa = XCConfigurationList;
			buildConfigurations = (
				7049A71424C1351C00B134EC /* Debug */,
				7049A71524C1351C00B134EC /* Release */,
			);
			defaultConfigurationIsVisible = 0;
			defaultConfigurationName = Release;
		};
		7049A71624C1351C00B134EC /* Build configuration list for PBXNativeTarget "Decade of MoviesUITests" */ = {
			isa = XCConfigurationList;
			buildConfigurations = (
				7049A71724C1351C00B134EC /* Debug */,
				7049A71824C1351C00B134EC /* Release */,
			);
			defaultConfigurationIsVisible = 0;
			defaultConfigurationName = Release;
		};
/* End XCConfigurationList section */
	};
	rootObject = 7049A6DE24C1351A00B134EC /* Project object */;
}
